<?xml version="1.0" encoding="utf-8"?>
<Project ToolsVersion="4.0" xmlns="http://schemas.microsoft.com/developer/msbuild/2003">
  <ItemGroup>
    <Filter Include="Source Files">
      <UniqueIdentifier>{8d564e63-8f26-459a-9d2c-16019e57be96}</UniqueIdentifier>
      <Extensions>cpp;c;cxx;rc;def;r;odl;idl;hpj;bat</Extensions>
    </Filter>
    <Filter Include="Header Files">
      <UniqueIdentifier>{50342fca-4e43-4727-86e0-acd4904ed67d}</UniqueIdentifier>
      <Extensions>h;hpp;hxx;hm;inl</Extensions>
    </Filter>
    <Filter Include="Resource Files">
      <UniqueIdentifier>{870c1b3c-66e8-469b-9103-57ab561cf3a0}</UniqueIdentifier>
      <Extensions>ico;cur;bmp;dlg;rc2;rct;bin;rgs;gif;jpg;jpeg;jpe</Extensions>
    </Filter>
  </ItemGroup>
  <ItemGroup>
    <ClCompile Include="HKDlg.cpp">
      <Filter>Source Files</Filter>
    </ClCompile>
    <ClCompile Include="HKDlgDlg.cpp">
      <Filter>Source Files</Filter>
    </ClCompile>
    <ClCompile Include="StdAfx.cpp">
      <Filter>Source Files</Filter>
    </ClCompile>
    <ClCompile Include="CvvImage.cpp">
      <Filter>Source Files</Filter>
    </ClCompile>
    <ClCompile Include="RABDetection.cpp">
      <Filter>Source Files</Filter>
    </ClCompile>
    <ClCompile Include="control.cpp">
      <Filter>Source Files</Filter>
    </ClCompile>
    <ClCompile Include="vibe.cpp">
      <Filter>Source Files</Filter>
    </ClCompile>
    <ClCompile Include="MyButton.cpp">
      <Filter>Source Files</Filter>
    </ClCompile>
    <ClCompile Include="tceudp.cpp">
      <Filter>Source Files</Filter>
    </ClCompile>
    <ClCompile Include="DlgPTZCruise.cpp">
      <Filter>Source Files</Filter>
    </ClCompile>
    <ClCompile Include="log.cpp">
      <Filter>Source Files</Filter>
    </ClCompile>
    <ClCompile Include="MisParking.cpp">
      <Filter>Source Files</Filter>
    </ClCompile>
    <ClCompile Include="hashmap.cpp">
      <Filter>Source Files</Filter>
    </ClCompile>
    <ClCompile Include="Foreground_Model.cpp">
      <Filter>Source Files</Filter>
    </ClCompile>
    <ClCompile Include="main - 改进倾斜矫正0205ori_0427_recheck.cpp">
      <Filter>Source Files</Filter>
    </ClCompile>
    <ClCompile Include="main_detect.cpp">
      <Filter>Source Files</Filter>
    </ClCompile>
    <ClCompile Include="Precise_Detect_Day.cpp">
      <Filter>Source Files</Filter>
    </ClCompile>
    <ClCompile Include="radon2.cpp">
      <Filter>Source Files</Filter>
    </ClCompile>
    <ClCompile Include="MiniDump.cpp">
      <Filter>Source Files</Filter>
    </ClCompile>
    <ClCompile Include="CAdo.cpp">
      <Filter>Source Files</Filter>
    </ClCompile>
    <ClCompile Include="PicInfo.cpp">
      <Filter>Source Files</Filter>
    </ClCompile>
    <ClCompile Include="Lock.cpp">
      <Filter>Source Files</Filter>
    </ClCompile>
    <ClCompile Include="LogFile.cpp">
      <Filter>Source Files</Filter>
    </ClCompile>
    <ClCompile Include="ClientSocketThread.cpp">
      <Filter>Source Files</Filter>
    </ClCompile>
  </ItemGroup>
  <ItemGroup>
    <ResourceCompile Include="HKDlg.rc">
      <Filter>Source Files</Filter>
    </ResourceCompile>
  </ItemGroup>
  <ItemGroup>
    <ClInclude Include="GeneralDef.h">
      <Filter>Header Files</Filter>
    </ClInclude>
    <ClInclude Include="HKDlg.h">
      <Filter>Header Files</Filter>
    </ClInclude>
    <ClInclude Include="HKDlgDlg.h">
      <Filter>Header Files</Filter>
    </ClInclude>
    <ClInclude Include="Resource.h">
      <Filter>Header Files</Filter>
    </ClInclude>
    <ClInclude Include="StdAfx.h">
      <Filter>Header Files</Filter>
    </ClInclude>
    <ClInclude Include="Thread.h">
      <Filter>Header Files</Filter>
    </ClInclude>
    <ClInclude Include="RGB.h">
      <Filter>Header Files</Filter>
    </ClInclude>
    <ClInclude Include="CvvImage.h">
      <Filter>Header Files</Filter>
    </ClInclude>
    <ClInclude Include="rgbmodeling.h">
      <Filter>Header Files</Filter>
    </ClInclude>
    <ClInclude Include="RABDetection.h">
      <Filter>Header Files</Filter>
    </ClInclude>
    <ClInclude Include="blockNode.h">
      <Filter>Header Files</Filter>
    </ClInclude>
    <ClInclude Include="easysize.h">
      <Filter>Header Files</Filter>
    </ClInclude>
    <ClInclude Include="control.h">
      <Filter>Header Files</Filter>
    </ClInclude>
    <ClInclude Include="hashmap.h">
      <Filter>Header Files</Filter>
    </ClInclude>
    <ClInclude Include="vibe.h">
      <Filter>Header Files</Filter>
    </ClInclude>
    <ClInclude Include="park.h">
      <Filter>Header Files</Filter>
    </ClInclude>
    <ClInclude Include="MyButton.h">
      <Filter>Header Files</Filter>
    </ClInclude>
    <ClInclude Include="tceudp.h">
      <Filter>Header Files</Filter>
    </ClInclude>
    <ClInclude Include="DlgPTZCruise.h">
      <Filter>Header Files</Filter>
    </ClInclude>
    <ClInclude Include="log.h">
      <Filter>Header Files</Filter>
    </ClInclude>
    <ClInclude Include="HCNetSDK.h">
      <Filter>Header Files</Filter>
    </ClInclude>
    <ClInclude Include="plaympeg4.h">
      <Filter>Header Files</Filter>
    </ClInclude>
    <ClInclude Include="Foreground_Model.h">
      <Filter>Header Files</Filter>
    </ClInclude>
    <ClInclude Include="exception_handler.h">
      <Filter>Header Files</Filter>
    </ClInclude>
    <ClInclude Include="GeneralDefa.h">
      <Filter>Header Files</Filter>
    </ClInclude>
    <ClInclude Include="radon2.h">
      <Filter>Header Files</Filter>
    </ClInclude>
    <ClInclude Include="Precise_Detect.h">
      <Filter>Header Files</Filter>
    </ClInclude>
    <ClInclude Include="MiniDump.h">
      <Filter>Header Files</Filter>
    </ClInclude>
    <ClInclude Include="CAdo.h">
      <Filter>Header Files</Filter>
    </ClInclude>
    <ClInclude Include="PicInfo.h">
      <Filter>Header Files</Filter>
    </ClInclude>
    <ClInclude Include="Lock.h">
      <Filter>Header Files</Filter>
    </ClInclude>
    <ClInclude Include="LogFile.h">
      <Filter>Header Files</Filter>
    </ClInclude>
    <ClInclude Include="ClientSocketThread.h">
      <Filter>Header Files</Filter>
    </ClInclude>
  </ItemGroup>
  <ItemGroup>
    <CustomBuild Include="res\HKDlg.ico">
      <Filter>Resource Files</Filter>
    </CustomBuild>
    <CustomBuild Include="res\HKDlg.rc2">
      <Filter>Resource Files</Filter>
    </CustomBuild>
    <CustomBuild Include="ReadMe.txt" />
  </ItemGroup>
</Project>